
Microsoft Visual Studio Solution File, Format Version 12.00
# Visual Studio 2015
Project("{FAE04EC0-301F-11D3-BF4B-00C04F79EFBC}") = "TheLastSpaceShip.CSharp", "TheLastSpaceShip.CSharp.csproj", "{CA86D0DE-AB56-E9F0-DB94-619338952512}"
EndProject
Global
	GlobalSection(SolutionConfigurationPlatforms) = preSolution
		Debug|Any CPU = Debug|Any CPU
		Release|Any CPU = Release|Any CPU
	EndGlobalSection
	GlobalSection(ProjectConfigurationPlatforms) = postSolution
		{CA86D0DE-AB56-E9F0-DB94-619338952512}.Debug|Any CPU.ActiveCfg = Debug|Any CPU
		{CA86D0DE-AB56-E9F0-DB94-619338952512}.Debug|Any CPU.Build.0 = Debug|Any CPU
		{CA86D0DE-AB56-E9F0-DB94-619338952512}.Release|Any CPU.ActiveCfg = Release|Any CPU
		{CA86D0DE-AB56-E9F0-DB94-619338952512}.Release|Any CPU.Build.0 = Release|Any CPU
	EndGlobalSection
	GlobalSection(SolutionProperties) = preSolution
		HideSolutionNode = FALSE
	EndGlobalSection
EndGlobal
